
Microsoft Visual Studio Solution File, Format Version 12.00
# Visual Studio 15
Project("{FAE04EC0-301F-11D3-BF4B-00C04F79EFBC}") = "pratice_api", "pratice_api.csproj", "{72C04F22-3197-4E9F-904A-476DA5FD7DEF}"
EndProject
Global
	GlobalSection(SolutionConfigurationPlatforms) = preSolution
		Debug|Any CPU = Debug|Any CPU
		Release|Any CPU = Release|Any CPU
	EndGlobalSection
	GlobalSection(ProjectConfigurationPlatforms) = postSolution
		{72C04F22-3197-4E9F-904A-476DA5FD7DEF}.Debug|Any CPU.ActiveCfg = Debug|Any CPU
		{72C04F22-3197-4E9F-904A-476DA5FD7DEF}.Debug|Any CPU.Build.0 = Debug|Any CPU
		{72C04F22-3197-4E9F-904A-476DA5FD7DEF}.Release|Any CPU.ActiveCfg = Release|Any CPU
		{72C04F22-3197-4E9F-904A-476DA5FD7DEF}.Release|Any CPU.Build.0 = Release|Any CPU
	EndGlobalSection
EndGlobal
